
Microsoft Visual Studio Solution File, Format Version 12.00
# Visual Studio Version 16
VisualStudioVersion = 16.0.30204.135
MinimumVisualStudioVersion = 10.0.40219.1
Project("{FAE04EC0-301F-11D3-BF4B-00C04F79EFBC}") = "QNN", "QNN\QNN.csproj", "{28D3085C-6818-4240-A89A-9D33BBE7D70A}"
EndProject
Global
	GlobalSection(SolutionConfigurationPlatforms) = preSolution
		Debug|Any CPU = Debug|Any CPU
		Release|Any CPU = Release|Any CPU
	EndGlobalSection
	GlobalSection(ProjectConfigurationPlatforms) = postSolution
		{28D3085C-6818-4240-A89A-9D33BBE7D70A}.Debug|Any CPU.ActiveCfg = Debug|Any CPU
		{28D3085C-6818-4240-A89A-9D33BBE7D70A}.Debug|Any CPU.Build.0 = Debug|Any CPU
		{28D3085C-6818-4240-A89A-9D33BBE7D70A}.Release|Any CPU.ActiveCfg = Release|Any CPU
		{28D3085C-6818-4240-A89A-9D33BBE7D70A}.Release|Any CPU.Build.0 = Release|Any CPU
	EndGlobalSection
	GlobalSection(SolutionProperties) = preSolution
		HideSolutionNode = FALSE
	EndGlobalSection
	GlobalSection(ExtensibilityGlobals) = postSolution
		SolutionGuid = {A8F27A86-FB50-4DEE-AAB3-3C18598505E8}
	EndGlobalSection
EndGlobal
